
Microsoft Visual Studio Solution File, Format Version 12.00
# Visual Studio Version 16
VisualStudioVersion = 16.0.31729.503
MinimumVisualStudioVersion = 10.0.40219.1
Project("{FAE04EC0-301F-11D3-BF4B-00C04F79EFBC}") = "Session2", "Session2\Session2.csproj", "{AC54FAD2-E37D-4F32-A1E9-491E95516016}"
EndProject
Global
	GlobalSection(SolutionConfigurationPlatforms) = preSolution
		Debug|Any CPU = Debug|Any CPU
		Release|Any CPU = Release|Any CPU
	EndGlobalSection
	GlobalSection(ProjectConfigurationPlatforms) = postSolution
		{AC54FAD2-E37D-4F32-A1E9-491E95516016}.Debug|Any CPU.ActiveCfg = Debug|Any CPU
		{AC54FAD2-E37D-4F32-A1E9-491E95516016}.Debug|Any CPU.Build.0 = Debug|Any CPU
		{AC54FAD2-E37D-4F32-A1E9-491E95516016}.Release|Any CPU.ActiveCfg = Release|Any CPU
		{AC54FAD2-E37D-4F32-A1E9-491E95516016}.Release|Any CPU.Build.0 = Release|Any CPU
	EndGlobalSection
	GlobalSection(SolutionProperties) = preSolution
		HideSolutionNode = FALSE
	EndGlobalSection
	GlobalSection(ExtensibilityGlobals) = postSolution
		SolutionGuid = {62510DA8-25E0-4FE3-B0FA-267BD116F689}
	EndGlobalSection
EndGlobal
